{
  "version": 4,
  "terraform_version": "1.1.9",
  "serial": 6,
  "lineage": "a3422bfb-e257-9fcb-0c95-9bc4764d8eef",
  "outputs": {
    "external_ip_address_jenkins_agent_01": {
      "value": "51.250.11.11",
      "type": "string"
    },
    "external_ip_address_jenkins_master_01": {
      "value": "51.250.89.94",
      "type": "string"
    }
  },
  "resources": [
    {
      "mode": "managed",
      "type": "yandex_compute_instance",
      "name": "jenkins-agent-01",
      "provider": "provider[\"registry.terraform.io/yandex-cloud/yandex\"]",
      "instances": [
        {
          "schema_version": 1,
          "attributes": {
            "allow_recreate": null,
            "allow_stopping_for_update": true,
            "boot_disk": [
              {
                "auto_delete": true,
                "device_name": "fhm1j8tj871uus1usgal",
                "disk_id": "fhm1j8tj871uus1usgal",
                "initialize_params": [
                  {
                    "block_size": 4096,
                    "description": "",
                    "image_id": "fd88d14a6790do254kj7",
                    "name": "",
                    "size": 10,
                    "snapshot_id": "",
                    "type": "network-ssd"
                  }
                ],
                "mode": "READ_WRITE"
              }
            ],
            "created_at": "2022-07-07T08:53:43Z",
            "description": "",
            "folder_id": "b1gggnre2p09gdph9pe2",
            "fqdn": "jenkins-agent-01.netology.yc",
            "hostname": "jenkins-agent-01",
            "id": "fhmk8cu0dg4hrmqjfpbm",
            "labels": null,
            "local_disk": [],
            "metadata": {
              "ssh-keys": "vagrant:ssh-rsa AAAAB3NzaC1yc2EAAAADAQABAAABAQCzX2RKALAM2ks5SvJdtBmwEK+V7oIuu8dWxm9cxIq1U61qG/LXgfjPcuDmm2OBw0Y6tuvPKqenn3pD1pD52qB/7pfrT7R2Zi5J2YgGC5XtcdUFUAM5fGj7AXkQcNhwCmM8yvBIfYmZoAm6wxKLpjaoUShn/lfBIMlA+YpVS9GqaUnWmsbJHIpxcJf9AMOjsOjOlBv6zcKhjwGXgcmlVKWvfwc6onKlsuA/hdu7ts67rkuo1COgUPLe3mOoYYr9V4GpMsWo9uSVfRt1MAlOESele4DqLfzKwG2Wm5+HMtQz43GVhjRuWn+Y1djQ1zgXF0+FeH6bExztaSJ/isjC/+Xr user@user-VirtualBox\n"
            },
            "name": "jenkins-agent-01-server",
            "network_acceleration_type": "standard",
            "network_interface": [
              {
                "dns_record": [],
                "index": 0,
                "ip_address": "192.168.10.21",
                "ipv4": true,
                "ipv6": false,
                "ipv6_address": "",
                "ipv6_dns_record": [],
                "mac_address": "d0:0d:14:43:3c:06",
                "nat": true,
                "nat_dns_record": [],
                "nat_ip_address": "51.250.11.11",
                "nat_ip_version": "IPV4",
                "security_group_ids": [],
                "subnet_id": "e9bbpovtpm9depbssdt6"
              }
            ],
            "placement_policy": [
              {
                "host_affinity_rules": [],
                "placement_group_id": ""
              }
            ],
            "platform_id": "standard-v1",
            "resources": [
              {
                "core_fraction": 100,
                "cores": 2,
                "gpus": 0,
                "memory": 4
              }
            ],
            "scheduling_policy": [
              {
                "preemptible": false
              }
            ],
            "secondary_disk": [],
            "service_account_id": "",
            "status": "running",
            "timeouts": null,
            "zone": "ru-central1-a"
          },
          "sensitive_attributes": [],
          "private": "eyJlMmJmYjczMC1lY2FhLTExZTYtOGY4OC0zNDM2M2JjN2M0YzAiOnsiY3JlYXRlIjozMDAwMDAwMDAwMDAsImRlbGV0ZSI6MzAwMDAwMDAwMDAwLCJ1cGRhdGUiOjMwMDAwMDAwMDAwMH0sInNjaGVtYV92ZXJzaW9uIjoiMSJ9",
          "dependencies": [
            "yandex_vpc_network.network-1",
            "yandex_vpc_subnet.subnet-1"
          ]
        }
      ]
    },
    {
      "mode": "managed",
      "type": "yandex_compute_instance",
      "name": "jenkins-master-01",
      "provider": "provider[\"registry.terraform.io/yandex-cloud/yandex\"]",
      "instances": [
        {
          "schema_version": 1,
          "attributes": {
            "allow_recreate": null,
            "allow_stopping_for_update": true,
            "boot_disk": [
              {
                "auto_delete": true,
                "device_name": "fhmp6lvajes14dvjuvfm",
                "disk_id": "fhmp6lvajes14dvjuvfm",
                "initialize_params": [
                  {
                    "block_size": 4096,
                    "description": "",
                    "image_id": "fd88d14a6790do254kj7",
                    "name": "",
                    "size": 10,
                    "snapshot_id": "",
                    "type": "network-ssd"
                  }
                ],
                "mode": "READ_WRITE"
              }
            ],
            "created_at": "2022-07-07T08:53:43Z",
            "description": "",
            "folder_id": "b1gggnre2p09gdph9pe2",
            "fqdn": "jenkins-master-01.netology.yc",
            "hostname": "jenkins-master-01",
            "id": "fhm0ceil49tc78u5bhun",
            "labels": null,
            "local_disk": [],
            "metadata": {
              "ssh-keys": "vagrant:ssh-rsa AAAAB3NzaC1yc2EAAAADAQABAAABAQCzX2RKALAM2ks5SvJdtBmwEK+V7oIuu8dWxm9cxIq1U61qG/LXgfjPcuDmm2OBw0Y6tuvPKqenn3pD1pD52qB/7pfrT7R2Zi5J2YgGC5XtcdUFUAM5fGj7AXkQcNhwCmM8yvBIfYmZoAm6wxKLpjaoUShn/lfBIMlA+YpVS9GqaUnWmsbJHIpxcJf9AMOjsOjOlBv6zcKhjwGXgcmlVKWvfwc6onKlsuA/hdu7ts67rkuo1COgUPLe3mOoYYr9V4GpMsWo9uSVfRt1MAlOESele4DqLfzKwG2Wm5+HMtQz43GVhjRuWn+Y1djQ1zgXF0+FeH6bExztaSJ/isjC/+Xr user@user-VirtualBox\n"
            },
            "name": "jenkins-master-01-server",
            "network_acceleration_type": "standard",
            "network_interface": [
              {
                "dns_record": [],
                "index": 0,
                "ip_address": "192.168.10.11",
                "ipv4": true,
                "ipv6": false,
                "ipv6_address": "",
                "ipv6_dns_record": [],
                "mac_address": "d0:0d:63:a5:52:27",
                "nat": true,
                "nat_dns_record": [],
                "nat_ip_address": "51.250.89.94",
                "nat_ip_version": "IPV4",
                "security_group_ids": [],
                "subnet_id": "e9bbpovtpm9depbssdt6"
              }
            ],
            "placement_policy": [
              {
                "host_affinity_rules": [],
                "placement_group_id": ""
              }
            ],
            "platform_id": "standard-v1",
            "resources": [
              {
                "core_fraction": 100,
                "cores": 2,
                "gpus": 0,
                "memory": 4
              }
            ],
            "scheduling_policy": [
              {
                "preemptible": false
              }
            ],
            "secondary_disk": [],
            "service_account_id": "",
            "status": "running",
            "timeouts": null,
            "zone": "ru-central1-a"
          },
          "sensitive_attributes": [],
          "private": "eyJlMmJmYjczMC1lY2FhLTExZTYtOGY4OC0zNDM2M2JjN2M0YzAiOnsiY3JlYXRlIjozMDAwMDAwMDAwMDAsImRlbGV0ZSI6MzAwMDAwMDAwMDAwLCJ1cGRhdGUiOjMwMDAwMDAwMDAwMH0sInNjaGVtYV92ZXJzaW9uIjoiMSJ9",
          "dependencies": [
            "yandex_vpc_network.network-1",
            "yandex_vpc_subnet.subnet-1"
          ]
        }
      ]
    },
    {
      "mode": "managed",
      "type": "yandex_vpc_network",
      "name": "network-1",
      "provider": "provider[\"registry.terraform.io/yandex-cloud/yandex\"]",
      "instances": [
        {
          "schema_version": 0,
          "attributes": {
            "created_at": "2022-07-07T08:53:41Z",
            "default_security_group_id": "",
            "description": "",
            "folder_id": "b1gggnre2p09gdph9pe2",
            "id": "enpj39022r7im41a79sc",
            "labels": {},
            "name": "network1",
            "subnet_ids": [],
            "timeouts": null
          },
          "sensitive_attributes": [],
          "private": "eyJlMmJmYjczMC1lY2FhLTExZTYtOGY4OC0zNDM2M2JjN2M0YzAiOnsiY3JlYXRlIjo2MDAwMDAwMDAwMCwiZGVsZXRlIjo2MDAwMDAwMDAwMCwidXBkYXRlIjo2MDAwMDAwMDAwMH19"
        }
      ]
    },
    {
      "mode": "managed",
      "type": "yandex_vpc_subnet",
      "name": "subnet-1",
      "provider": "provider[\"registry.terraform.io/yandex-cloud/yandex\"]",
      "instances": [
        {
          "schema_version": 0,
          "attributes": {
            "created_at": "2022-07-07T08:53:42Z",
            "description": "",
            "dhcp_options": [],
            "folder_id": "b1gggnre2p09gdph9pe2",
            "id": "e9bbpovtpm9depbssdt6",
            "labels": {},
            "name": "subnet1",
            "network_id": "enpj39022r7im41a79sc",
            "route_table_id": "",
            "timeouts": null,
            "v4_cidr_blocks": [
              "192.168.10.0/24"
            ],
            "v6_cidr_blocks": [],
            "zone": "ru-central1-a"
          },
          "sensitive_attributes": [],
          "private": "eyJlMmJmYjczMC1lY2FhLTExZTYtOGY4OC0zNDM2M2JjN2M0YzAiOnsiY3JlYXRlIjoxODAwMDAwMDAwMDAsImRlbGV0ZSI6MTgwMDAwMDAwMDAwLCJ1cGRhdGUiOjE4MDAwMDAwMDAwMH19",
          "dependencies": [
            "yandex_vpc_network.network-1"
          ]
        }
      ]
    }
  ]
}
